
Microsoft Visual Studio Solution File, Format Version 12.00
# Visual Studio Version 16
VisualStudioVersion = 16.0.30517.126
MinimumVisualStudioVersion = 10.0.40219.1
Project("{888888A0-9F3D-457C-B088-3A5042F75D52}") = "LabPython", "LabPython\LabPython.pyproj", "{F2BFE56D-0460-4AF5-8772-12241E21DB6A}"
EndProject
Global
	GlobalSection(SolutionConfigurationPlatforms) = preSolution
		Debug|Any CPU = Debug|Any CPU
		Release|Any CPU = Release|Any CPU
	EndGlobalSection
	GlobalSection(ProjectConfigurationPlatforms) = postSolution
		{F2BFE56D-0460-4AF5-8772-12241E21DB6A}.Debug|Any CPU.ActiveCfg = Debug|Any CPU
		{F2BFE56D-0460-4AF5-8772-12241E21DB6A}.Release|Any CPU.ActiveCfg = Release|Any CPU
	EndGlobalSection
	GlobalSection(SolutionProperties) = preSolution
		HideSolutionNode = FALSE
	EndGlobalSection
	GlobalSection(ExtensibilityGlobals) = postSolution
		SolutionGuid = {2F10842C-1DB7-4E79-B99F-1EC0D0A9258B}
	EndGlobalSection
EndGlobal
